
Microsoft Visual Studio Solution File, Format Version 12.00
# Visual Studio 2012
Project("{8BC9CEB8-8B4A-11D0-8D11-00A0C91BC942}") = "SerialToPropeller.Tests", "SerialToPropeller.Tests\SerialToPropeller.Tests.vcxproj", "{92D5C462-40BA-41A0-9F57-23151E8B937E}"
	ProjectSection(ProjectDependencies) = postProject
		{663A0BC9-639F-475A-B676-2C99BBD2D7F8} = {663A0BC9-639F-475A-B676-2C99BBD2D7F8}
	EndProjectSection
EndProject
Project("{8BC9CEB8-8B4A-11D0-8D11-00A0C91BC942}") = "PropellerSerialConnector", "PropellerSerialConnector\PropellerSerialConnector.vcxproj", "{663A0BC9-639F-475A-B676-2C99BBD2D7F8}"
EndProject
Global
	GlobalSection(SolutionConfigurationPlatforms) = preSolution
		Debug|Win32 = Debug|Win32
		Release|Win32 = Release|Win32
	EndGlobalSection
	GlobalSection(ProjectConfigurationPlatforms) = postSolution
		{92D5C462-40BA-41A0-9F57-23151E8B937E}.Debug|Win32.ActiveCfg = Debug|Win32
		{92D5C462-40BA-41A0-9F57-23151E8B937E}.Debug|Win32.Build.0 = Debug|Win32
		{92D5C462-40BA-41A0-9F57-23151E8B937E}.Release|Win32.ActiveCfg = Release|Win32
		{92D5C462-40BA-41A0-9F57-23151E8B937E}.Release|Win32.Build.0 = Release|Win32
		{663A0BC9-639F-475A-B676-2C99BBD2D7F8}.Debug|Win32.ActiveCfg = Debug|Win32
		{663A0BC9-639F-475A-B676-2C99BBD2D7F8}.Debug|Win32.Build.0 = Debug|Win32
		{663A0BC9-639F-475A-B676-2C99BBD2D7F8}.Release|Win32.ActiveCfg = Release|Win32
		{663A0BC9-639F-475A-B676-2C99BBD2D7F8}.Release|Win32.Build.0 = Release|Win32
	EndGlobalSection
	GlobalSection(SolutionProperties) = preSolution
		HideSolutionNode = FALSE
	EndGlobalSection
EndGlobal
